// !$*UTF8*$!
{
	archiveVersion = 1;
	classes = {
	};
	objectVersion = 56;
	objects = {

/* Begin PBXBuildFile section */
		81B7E68C2A6329DD00BD00DC /* Guess it Watch App.app in Embed Watch Content */ = {isa = PBXBuildFile; fileRef = 81B7E68B2A6329DD00BD00DC /* Guess it Watch App.app */; settings = {ATTRIBUTES = (RemoveHeadersOnCopy, ); }; };
		81B7E6912A6329DD00BD00DC /* Guess_itApp.swift in Sources */ = {isa = PBXBuildFile; fileRef = 81B7E6902A6329DD00BD00DC /* Guess_itApp.swift */; };
		81B7E6932A6329DD00BD00DC /* ContentView.swift in Sources */ = {isa = PBXBuildFile; fileRef = 81B7E6922A6329DD00BD00DC /* ContentView.swift */; };
		81B7E6952A6329DF00BD00DC /* Assets.xcassets in Resources */ = {isa = PBXBuildFile; fileRef = 81B7E6942A6329DF00BD00DC /* Assets.xcassets */; };
		81B7E6982A6329DF00BD00DC /* Preview Assets.xcassets in Resources */ = {isa = PBXBuildFile; fileRef = 81B7E6972A6329DF00BD00DC /* Preview Assets.xcassets */; };
		81B7E6A22A6329DF00BD00DC /* Guess_it_Watch_AppTests.swift in Sources */ = {isa = PBXBuildFile; fileRef = 81B7E6A12A6329DF00BD00DC /* Guess_it_Watch_AppTests.swift */; };
		81B7E6AC2A6329DF00BD00DC /* Guess_it_Watch_AppUITests.swift in Sources */ = {isa = PBXBuildFile; fileRef = 81B7E6AB2A6329DF00BD00DC /* Guess_it_Watch_AppUITests.swift */; };
		81B7E6AE2A6329DF00BD00DC /* Guess_it_Watch_AppUITestsLaunchTests.swift in Sources */ = {isa = PBXBuildFile; fileRef = 81B7E6AD2A6329DF00BD00DC /* Guess_it_Watch_AppUITestsLaunchTests.swift */; };
/* End PBXBuildFile section */

/* Begin PBXContainerItemProxy section */
		81B7E68D2A6329DD00BD00DC /* PBXContainerItemProxy */ = {
			isa = PBXContainerItemProxy;
			containerPortal = 81B7E67F2A6329DD00BD00DC /* Project object */;
			proxyType = 1;
			remoteGlobalIDString = 81B7E68A2A6329DD00BD00DC;
			remoteInfo = "Guess it Watch App";
		};
		81B7E69E2A6329DF00BD00DC /* PBXContainerItemProxy */ = {
			isa = PBXContainerItemProxy;
			containerPortal = 81B7E67F2A6329DD00BD00DC /* Project object */;
			proxyType = 1;
			remoteGlobalIDString = 81B7E68A2A6329DD00BD00DC;
			remoteInfo = "Guess it Watch App";
		};
		81B7E6A82A6329DF00BD00DC /* PBXContainerItemProxy */ = {
			isa = PBXContainerItemProxy;
			containerPortal = 81B7E67F2A6329DD00BD00DC /* Project object */;
			proxyType = 1;
			remoteGlobalIDString = 81B7E68A2A6329DD00BD00DC;
			remoteInfo = "Guess it Watch App";
		};
/* End PBXContainerItemProxy section */

/* Begin PBXCopyFilesBuildPhase section */
		81B7E6B42A6329DF00BD00DC /* Embed Watch Content */ = {
			isa = PBXCopyFilesBuildPhase;
			buildActionMask = 2147483647;
			dstPath = "$(CONTENTS_FOLDER_PATH)/Watch";
			dstSubfolderSpec = 16;
			files = (
				81B7E68C2A6329DD00BD00DC /* Guess it Watch App.app in Embed Watch Content */,
			);
			name = "Embed Watch Content";
			runOnlyForDeploymentPostprocessing = 0;
		};
/* End PBXCopyFilesBuildPhase section */

/* Begin PBXFileReference section */
		81B7E6852A6329DD00BD00DC /* Guess it.app */ = {isa = PBXFileReference; explicitFileType = wrapper.application; includeInIndex = 0; path = "Guess it.app"; sourceTree = BUILT_PRODUCTS_DIR; };
		81B7E68B2A6329DD00BD00DC /* Guess it Watch App.app */ = {isa = PBXFileReference; explicitFileType = wrapper.application; includeInIndex = 0; path = "Guess it Watch App.app"; sourceTree = BUILT_PRODUCTS_DIR; };
		81B7E6902A6329DD00BD00DC /* Guess_itApp.swift */ = {isa = PBXFileReference; lastKnownFileType = sourcecode.swift; path = Guess_itApp.swift; sourceTree = "<group>"; };
		81B7E6922A6329DD00BD00DC /* ContentView.swift */ = {isa = PBXFileReference; lastKnownFileType = sourcecode.swift; path = ContentView.swift; sourceTree = "<group>"; };
		81B7E6942A6329DF00BD00DC /* Assets.xcassets */ = {isa = PBXFileReference; lastKnownFileType = folder.assetcatalog; path = Assets.xcassets; sourceTree = "<group>"; };
		81B7E6972A6329DF00BD00DC /* Preview Assets.xcassets */ = {isa = PBXFileReference; lastKnownFileType = folder.assetcatalog; path = "Preview Assets.xcassets"; sourceTree = "<group>"; };
		81B7E69D2A6329DF00BD00DC /* Guess it Watch AppTests.xctest */ = {isa = PBXFileReference; explicitFileType = wrapper.cfbundle; includeInIndex = 0; path = "Guess it Watch AppTests.xctest"; sourceTree = BUILT_PRODUCTS_DIR; };
		81B7E6A12A6329DF00BD00DC /* Guess_it_Watch_AppTests.swift */ = {isa = PBXFileReference; lastKnownFileType = sourcecode.swift; path = Guess_it_Watch_AppTests.swift; sourceTree = "<group>"; };
		81B7E6A72A6329DF00BD00DC /* Guess it Watch AppUITests.xctest */ = {isa = PBXFileReference; explicitFileType = wrapper.cfbundle; includeInIndex = 0; path = "Guess it Watch AppUITests.xctest"; sourceTree = BUILT_PRODUCTS_DIR; };
		81B7E6AB2A6329DF00BD00DC /* Guess_it_Watch_AppUITests.swift */ = {isa = PBXFileReference; lastKnownFileType = sourcecode.swift; path = Guess_it_Watch_AppUITests.swift; sourceTree = "<group>"; };
		81B7E6AD2A6329DF00BD00DC /* Guess_it_Watch_AppUITestsLaunchTests.swift */ = {isa = PBXFileReference; lastKnownFileType = sourcecode.swift; path = Guess_it_Watch_AppUITestsLaunchTests.swift; sourceTree = "<group>"; };
/* End PBXFileReference section */

/* Begin PBXFrameworksBuildPhase section */
		81B7E6882A6329DD00BD00DC /* Frameworks */ = {
			isa = PBXFrameworksBuildPhase;
			buildActionMask = 2147483647;
			files = (
			);
			runOnlyForDeploymentPostprocessing = 0;
		};
		81B7E69A2A6329DF00BD00DC /* Frameworks */ = {
			isa = PBXFrameworksBuildPhase;
			buildActionMask = 2147483647;
			files = (
			);
			runOnlyForDeploymentPostprocessing = 0;
		};
		81B7E6A42A6329DF00BD00DC /* Frameworks */ = {
			isa = PBXFrameworksBuildPhase;
			buildActionMask = 2147483647;
			files = (
			);
			runOnlyForDeploymentPostprocessing = 0;
		};
/* End PBXFrameworksBuildPhase section */

/* Begin PBXGroup section */
		81B7E67E2A6329DD00BD00DC = {
			isa = PBXGroup;
			children = (
				81B7E68F2A6329DD00BD00DC /* Guess it Watch App */,
				81B7E6A02A6329DF00BD00DC /* Guess it Watch AppTests */,
				81B7E6AA2A6329DF00BD00DC /* Guess it Watch AppUITests */,
				81B7E6862A6329DD00BD00DC /* Products */,
			);
			sourceTree = "<group>";
		};
		81B7E6862A6329DD00BD00DC /* Products */ = {
			isa = PBXGroup;
			children = (
				81B7E6852A6329DD00BD00DC /* Guess it.app */,
				81B7E68B2A6329DD00BD00DC /* Guess it Watch App.app */,
				81B7E69D2A6329DF00BD00DC /* Guess it Watch AppTests.xctest */,
				81B7E6A72A6329DF00BD00DC /* Guess it Watch AppUITests.xctest */,
			);
			name = Products;
			sourceTree = "<group>";
		};
		81B7E68F2A6329DD00BD00DC /* Guess it Watch App */ = {
			isa = PBXGroup;
			children = (
				81B7E6902A6329DD00BD00DC /* Guess_itApp.swift */,
				81B7E6922A6329DD00BD00DC /* ContentView.swift */,
				81B7E6942A6329DF00BD00DC /* Assets.xcassets */,
				81B7E6962A6329DF00BD00DC /* Preview Content */,
			);
			path = "Guess it Watch App";
			sourceTree = "<group>";
		};
		81B7E6962A6329DF00BD00DC /* Preview Content */ = {
			isa = PBXGroup;
			children = (
				81B7E6972A6329DF00BD00DC /* Preview Assets.xcassets */,
			);
			path = "Preview Content";
			sourceTree = "<group>";
		};
		81B7E6A02A6329DF00BD00DC /* Guess it Watch AppTests */ = {
			isa = PBXGroup;
			children = (
				81B7E6A12A6329DF00BD00DC /* Guess_it_Watch_AppTests.swift */,
			);
			path = "Guess it Watch AppTests";
			sourceTree = "<group>";
		};
		81B7E6AA2A6329DF00BD00DC /* Guess it Watch AppUITests */ = {
			isa = PBXGroup;
			children = (
				81B7E6AB2A6329DF00BD00DC /* Guess_it_Watch_AppUITests.swift */,
				81B7E6AD2A6329DF00BD00DC /* Guess_it_Watch_AppUITestsLaunchTests.swift */,
			);
			path = "Guess it Watch AppUITests";
			sourceTree = "<group>";
		};
/* End PBXGroup section */

/* Begin PBXNativeTarget section */
		81B7E6842A6329DD00BD00DC /* Guess it */ = {
			isa = PBXNativeTarget;
			buildConfigurationList = 81B7E6B52A6329DF00BD00DC /* Build configuration list for PBXNativeTarget "Guess it" */;
			buildPhases = (
				81B7E6832A6329DD00BD00DC /* Resources */,
				81B7E6B42A6329DF00BD00DC /* Embed Watch Content */,
			);
			buildRules = (
			);
			dependencies = (
				81B7E68E2A6329DD00BD00DC /* PBXTargetDependency */,
			);
			name = "Guess it";
			productName = "Guess it";
			productReference = 81B7E6852A6329DD00BD00DC /* Guess it.app */;
			productType = "com.apple.product-type.application.watchapp2-container";
		};
		81B7E68A2A6329DD00BD00DC /* Guess it Watch App */ = {
			isa = PBXNativeTarget;
			buildConfigurationList = 81B7E6B12A6329DF00BD00DC /* Build configuration list for PBXNativeTarget "Guess it Watch App" */;
			buildPhases = (
				81B7E6872A6329DD00BD00DC /* Sources */,
				81B7E6882A6329DD00BD00DC /* Frameworks */,
				81B7E6892A6329DD00BD00DC /* Resources */,
			);
			buildRules = (
			);
			dependencies = (
			);
			name = "Guess it Watch App";
			productName = "Guess it Watch App";
			productReference = 81B7E68B2A6329DD00BD00DC /* Guess it Watch App.app */;
			productType = "com.apple.product-type.application";
		};
		81B7E69C2A6329DF00BD00DC /* Guess it Watch AppTests */ = {
			isa = PBXNativeTarget;
			buildConfigurationList = 81B7E6B82A6329DF00BD00DC /* Build configuration list for PBXNativeTarget "Guess it Watch AppTests" */;
			buildPhases = (
				81B7E6992A6329DF00BD00DC /* Sources */,
				81B7E69A2A6329DF00BD00DC /* Frameworks */,
				81B7E69B2A6329DF00BD00DC /* Resources */,
			);
			buildRules = (
			);
			dependencies = (
				81B7E69F2A6329DF00BD00DC /* PBXTargetDependency */,
			);
			name = "Guess it Watch AppTests";
			productName = "Guess it Watch AppTests";
			productReference = 81B7E69D2A6329DF00BD00DC /* Guess it Watch AppTests.xctest */;
			productType = "com.apple.product-type.bundle.unit-test";
		};
		81B7E6A62A6329DF00BD00DC /* Guess it Watch AppUITests */ = {
			isa = PBXNativeTarget;
			buildConfigurationList = 81B7E6BB2A6329DF00BD00DC /* Build configuration list for PBXNativeTarget "Guess it Watch AppUITests" */;
			buildPhases = (
				81B7E6A32A6329DF00BD00DC /* Sources */,
				81B7E6A42A6329DF00BD00DC /* Frameworks */,
				81B7E6A52A6329DF00BD00DC /* Resources */,
			);
			buildRules = (
			);
			dependencies = (
				81B7E6A92A6329DF00BD00DC /* PBXTargetDependency */,
			);
			name = "Guess it Watch AppUITests";
			productName = "Guess it Watch AppUITests";
			productReference = 81B7E6A72A6329DF00BD00DC /* Guess it Watch AppUITests.xctest */;
			productType = "com.apple.product-type.bundle.ui-testing";
		};
/* End PBXNativeTarget section */

/* Begin PBXProject section */
		81B7E67F2A6329DD00BD00DC /* Project object */ = {
			isa = PBXProject;
			attributes = {
				BuildIndependentTargetsInParallel = 1;
				LastSwiftUpdateCheck = 1430;
				LastUpgradeCheck = 1430;
				TargetAttributes = {
					81B7E6842A6329DD00BD00DC = {
						CreatedOnToolsVersion = 14.3.1;
					};
					81B7E68A2A6329DD00BD00DC = {
						CreatedOnToolsVersion = 14.3.1;
					};
					81B7E69C2A6329DF00BD00DC = {
						CreatedOnToolsVersion = 14.3.1;
						TestTargetID = 81B7E68A2A6329DD00BD00DC;
					};
					81B7E6A62A6329DF00BD00DC = {
						CreatedOnToolsVersion = 14.3.1;
						TestTargetID = 81B7E68A2A6329DD00BD00DC;
					};
				};
			};
			buildConfigurationList = 81B7E6822A6329DD00BD00DC /* Build configuration list for PBXProject "Guess it" */;
			compatibilityVersion = "Xcode 14.0";
			developmentRegion = en;
			hasScannedForEncodings = 0;
			knownRegions = (
				en,
				Base,
			);
			mainGroup = 81B7E67E2A6329DD00BD00DC;
			productRefGroup = 81B7E6862A6329DD00BD00DC /* Products */;
			projectDirPath = "";
			projectRoot = "";
			targets = (
				81B7E6842A6329DD00BD00DC /* Guess it */,
				81B7E68A2A6329DD00BD00DC /* Guess it Watch App */,
				81B7E69C2A6329DF00BD00DC /* Guess it Watch AppTests */,
				81B7E6A62A6329DF00BD00DC /* Guess it Watch AppUITests */,
			);
		};
/* End PBXProject section */

/* Begin PBXResourcesBuildPhase section */
		81B7E6832A6329DD00BD00DC /* Resources */ = {
			isa = PBXResourcesBuildPhase;
			buildActionMask = 2147483647;
			files = (
			);
			runOnlyForDeploymentPostprocessing = 0;
		};
		81B7E6892A6329DD00BD00DC /* Resources */ = {
			isa = PBXResourcesBuildPhase;
			buildActionMask = 2147483647;
			files = (
				81B7E6982A6329DF00BD00DC /* Preview Assets.xcassets in Resources */,
				81B7E6952A6329DF00BD00DC /* Assets.xcassets in Resources */,
			);
			runOnlyForDeploymentPostprocessing = 0;
		};
		81B7E69B2A6329DF00BD00DC /* Resources */ = {
			isa = PBXResourcesBuildPhase;
			buildActionMask = 2147483647;
			files = (
			);
			runOnlyForDeploymentPostprocessing = 0;
		};
		81B7E6A52A6329DF00BD00DC /* Resources */ = {
			isa = PBXResourcesBuildPhase;
			buildActionMask = 2147483647;
			files = (
			);
			runOnlyForDeploymentPostprocessing = 0;
		};
/* End PBXResourcesBuildPhase section */

/* Begin PBXSourcesBuildPhase section */
		81B7E6872A6329DD00BD00DC /* Sources */ = {
			isa = PBXSourcesBuildPhase;
			buildActionMask = 2147483647;
			files = (
				81B7E6932A6329DD00BD00DC /* ContentView.swift in Sources */,
				81B7E6912A6329DD00BD00DC /* Guess_itApp.swift in Sources */,
			);
			runOnlyForDeploymentPostprocessing = 0;
		};
		81B7E6992A6329DF00BD00DC /* Sources */ = {
			isa = PBXSourcesBuildPhase;
			buildActionMask = 2147483647;
			files = (
				81B7E6A22A6329DF00BD00DC /* Guess_it_Watch_AppTests.swift in Sources */,
			);
			runOnlyForDeploymentPostprocessing = 0;
		};
		81B7E6A32A6329DF00BD00DC /* Sources */ = {
			isa = PBXSourcesBuildPhase;
			buildActionMask = 2147483647;
			files = (
				81B7E6AC2A6329DF00BD00DC /* Guess_it_Watch_AppUITests.swift in Sources */,
				81B7E6AE2A6329DF00BD00DC /* Guess_it_Watch_AppUITestsLaunchTests.swift in Sources */,
			);
			runOnlyForDeploymentPostprocessing = 0;
		};
/* End PBXSourcesBuildPhase section */

/* Begin PBXTargetDependency section */
		81B7E68E2A6329DD00BD00DC /* PBXTargetDependency */ = {
			isa = PBXTargetDependency;
			target = 81B7E68A2A6329DD00BD00DC /* Guess it Watch App */;
			targetProxy = 81B7E68D2A6329DD00BD00DC /* PBXContainerItemProxy */;
		};
		81B7E69F2A6329DF00BD00DC /* PBXTargetDependency */ = {
			isa = PBXTargetDependency;
			target = 81B7E68A2A6329DD00BD00DC /* Guess it Watch App */;
			targetProxy = 81B7E69E2A6329DF00BD00DC /* PBXContainerItemProxy */;
		};
		81B7E6A92A6329DF00BD00DC /* PBXTargetDependency */ = {
			isa = PBXTargetDependency;
			target = 81B7E68A2A6329DD00BD00DC /* Guess it Watch App */;
			targetProxy = 81B7E6A82A6329DF00BD00DC /* PBXContainerItemProxy */;
		};
/* End PBXTargetDependency section */

/* Begin XCBuildConfiguration section */
		81B7E6AF2A6329DF00BD00DC /* Debug */ = {
			isa = XCBuildConfiguration;
			buildSettings = {
				ALWAYS_SEARCH_USER_PATHS = NO;
				CLANG_ANALYZER_NONNULL = YES;
				CLANG_ANALYZER_NUMBER_OBJECT_CONVERSION = YES_AGGRESSIVE;
				CLANG_CXX_LANGUAGE_STANDARD = "gnu++20";
				CLANG_ENABLE_MODULES = YES;
				CLANG_ENABLE_OBJC_ARC = YES;
				CLANG_ENABLE_OBJC_WEAK = YES;
				CLANG_WARN_BLOCK_CAPTURE_AUTORELEASING = YES;
				CLANG_WARN_BOOL_CONVERSION = YES;
				CLANG_WARN_COMMA = YES;
				CLANG_WARN_CONSTANT_CONVERSION = YES;
				CLANG_WARN_DEPRECATED_OBJC_IMPLEMENTATIONS = YES;
				CLANG_WARN_DIRECT_OBJC_ISA_USAGE = YES_ERROR;
				CLANG_WARN_DOCUMENTATION_COMMENTS = YES;
				CLANG_WARN_EMPTY_BODY = YES;
				CLANG_WARN_ENUM_CONVERSION = YES;
				CLANG_WARN_INFINITE_RECURSION = YES;
				CLANG_WARN_INT_CONVERSION = YES;
				CLANG_WARN_NON_LITERAL_NULL_CONVERSION = YES;
				CLANG_WARN_OBJC_IMPLICIT_RETAIN_SELF = YES;
				CLANG_WARN_OBJC_LITERAL_CONVERSION = YES;
				CLANG_WARN_OBJC_ROOT_CLASS = YES_ERROR;
				CLANG_WARN_QUOTED_INCLUDE_IN_FRAMEWORK_HEADER = YES;
				CLANG_WARN_RANGE_LOOP_ANALYSIS = YES;
				CLANG_WARN_STRICT_PROTOTYPES = YES;
				CLANG_WARN_SUSPICIOUS_MOVE = YES;
				CLANG_WARN_UNGUARDED_AVAILABILITY = YES_AGGRESSIVE;
				CLANG_WARN_UNREACHABLE_CODE = YES;
				CLANG_WARN__DUPLICATE_METHOD_MATCH = YES;
				COPY_PHASE_STRIP = NO;
				DEBUG_INFORMATION_FORMAT = dwarf;
				ENABLE_STRICT_OBJC_MSGSEND = YES;
				ENABLE_TESTABILITY = YES;
				GCC_C_LANGUAGE_STANDARD = gnu11;
				GCC_DYNAMIC_NO_PIC = NO;
				GCC_NO_COMMON_BLOCKS = YES;
				GCC_OPTIMIZATION_LEVEL = 0;
				GCC_PREPROCESSOR_DEFINITIONS = (
					"DEBUG=1",
					"$(inherited)",
				);
				GCC_WARN_64_TO_32_BIT_CONVERSION = YES;
				GCC_WARN_ABOUT_RETURN_TYPE = YES_ERROR;
				GCC_WARN_UNDECLARED_SELECTOR = YES;
				GCC_WARN_UNINITIALIZED_AUTOS = YES_AGGRESSIVE;
				GCC_WARN_UNUSED_FUNCTION = YES;
				GCC_WARN_UNUSED_VARIABLE = YES;
				MTL_ENABLE_DEBUG_INFO = INCLUDE_SOURCE;
				MTL_FAST_MATH = YES;
				ONLY_ACTIVE_ARCH = YES;
				SWIFT_ACTIVE_COMPILATION_CONDITIONS = DEBUG;
				SWIFT_OPTIMIZATION_LEVEL = "-Onone";
				WATCHOS_DEPLOYMENT_TARGET = 9.4;
			};
			name = Debug;
		};
		81B7E6B02A6329DF00BD00DC /* Release */ = {
			isa = XCBuildConfiguration;
			buildSettings = {
				ALWAYS_SEARCH_USER_PATHS = NO;
				CLANG_ANALYZER_NONNULL = YES;
				CLANG_ANALYZER_NUMBER_OBJECT_CONVERSION = YES_AGGRESSIVE;
				CLANG_CXX_LANGUAGE_STANDARD = "gnu++20";
				CLANG_ENABLE_MODULES = YES;
				CLANG_ENABLE_OBJC_ARC = YES;
				CLANG_ENABLE_OBJC_WEAK = YES;
				CLANG_WARN_BLOCK_CAPTURE_AUTORELEASING = YES;
				CLANG_WARN_BOOL_CONVERSION = YES;
				CLANG_WARN_COMMA = YES;
				CLANG_WARN_CONSTANT_CONVERSION = YES;
				CLANG_WARN_DEPRECATED_OBJC_IMPLEMENTATIONS = YES;
				CLANG_WARN_DIRECT_OBJC_ISA_USAGE = YES_ERROR;
				CLANG_WARN_DOCUMENTATION_COMMENTS = YES;
				CLANG_WARN_EMPTY_BODY = YES;
				CLANG_WARN_ENUM_CONVERSION = YES;
				CLANG_WARN_INFINITE_RECURSION = YES;
				CLANG_WARN_INT_CONVERSION = YES;
				CLANG_WARN_NON_LITERAL_NULL_CONVERSION = YES;
				CLANG_WARN_OBJC_IMPLICIT_RETAIN_SELF = YES;
				CLANG_WARN_OBJC_LITERAL_CONVERSION = YES;
				CLANG_WARN_OBJC_ROOT_CLASS = YES_ERROR;
				CLANG_WARN_QUOTED_INCLUDE_IN_FRAMEWORK_HEADER = YES;
				CLANG_WARN_RANGE_LOOP_ANALYSIS = YES;
				CLANG_WARN_STRICT_PROTOTYPES = YES;
				CLANG_WARN_SUSPICIOUS_MOVE = YES;
				CLANG_WARN_UNGUARDED_AVAILABILITY = YES_AGGRESSIVE;
				CLANG_WARN_UNREACHABLE_CODE = YES;
				CLANG_WARN__DUPLICATE_METHOD_MATCH = YES;
				COPY_PHASE_STRIP = NO;
				DEBUG_INFORMATION_FORMAT = "dwarf-with-dsym";
				ENABLE_NS_ASSERTIONS = NO;
				ENABLE_STRICT_OBJC_MSGSEND = YES;
				GCC_C_LANGUAGE_STANDARD = gnu11;
				GCC_NO_COMMON_BLOCKS = YES;
				GCC_WARN_64_TO_32_BIT_CONVERSION = YES;
				GCC_WARN_ABOUT_RETURN_TYPE = YES_ERROR;
				GCC_WARN_UNDECLARED_SELECTOR = YES;
				GCC_WARN_UNINITIALIZED_AUTOS = YES_AGGRESSIVE;
				GCC_WARN_UNUSED_FUNCTION = YES;
				GCC_WARN_UNUSED_VARIABLE = YES;
				MTL_ENABLE_DEBUG_INFO = NO;
				MTL_FAST_MATH = YES;
				SWIFT_COMPILATION_MODE = wholemodule;
				SWIFT_OPTIMIZATION_LEVEL = "-O";
				WATCHOS_DEPLOYMENT_TARGET = 9.4;
			};
			name = Release;
		};
		81B7E6B22A6329DF00BD00DC /* Debug */ = {
			isa = XCBuildConfiguration;
			buildSettings = {
				ASSETCATALOG_COMPILER_APPICON_NAME = AppIcon;
				ASSETCATALOG_COMPILER_GLOBAL_ACCENT_COLOR_NAME = AccentColor;
				CODE_SIGN_STYLE = Automatic;
				CURRENT_PROJECT_VERSION = 1;
				DEVELOPMENT_ASSET_PATHS = "\"Guess it Watch App/Preview Content\"";
				DEVELOPMENT_TEAM = K52NKD86V5;
				ENABLE_PREVIEWS = YES;
				GENERATE_INFOPLIST_FILE = YES;
				INFOPLIST_KEY_CFBundleDisplayName = "Guess it";
				INFOPLIST_KEY_UISupportedInterfaceOrientations = "UIInterfaceOrientationPortrait UIInterfaceOrientationPortraitUpsideDown";
				INFOPLIST_KEY_WKWatchOnly = YES;
				LD_RUNPATH_SEARCH_PATHS = (
					"$(inherited)",
					"@executable_path/Frameworks",
				);
				MARKETING_VERSION = 1.0;
				PRODUCT_BUNDLE_IDENTIFIER = "Pranav-s.Guess-it.watchkitapp";
				PRODUCT_NAME = "$(TARGET_NAME)";
				SDKROOT = watchos;
				SKIP_INSTALL = YES;
				SWIFT_EMIT_LOC_STRINGS = YES;
				SWIFT_VERSION = 5.0;
				TARGETED_DEVICE_FAMILY = 4;
				WATCHOS_DEPLOYMENT_TARGET = 9.4;
			};
			name = Debug;
		};
		81B7E6B32A6329DF00BD00DC /* Release */ = {
			isa = XCBuildConfiguration;
			buildSettings = {
				ASSETCATALOG_COMPILER_APPICON_NAME = AppIcon;
				ASSETCATALOG_COMPILER_GLOBAL_ACCENT_COLOR_NAME = AccentColor;
				CODE_SIGN_STYLE = Automatic;
				CURRENT_PROJECT_VERSION = 1;
				DEVELOPMENT_ASSET_PATHS = "\"Guess it Watch App/Preview Content\"";
				DEVELOPMENT_TEAM = K52NKD86V5;
				ENABLE_PREVIEWS = YES;
				GENERATE_INFOPLIST_FILE = YES;
				INFOPLIST_KEY_CFBundleDisplayName = "Guess it";
				INFOPLIST_KEY_UISupportedInterfaceOrientations = "UIInterfaceOrientationPortrait UIInterfaceOrientationPortraitUpsideDown";
				INFOPLIST_KEY_WKWatchOnly = YES;
				LD_RUNPATH_SEARCH_PATHS = (
					"$(inherited)",
					"@executable_path/Frameworks",
				);
				MARKETING_VERSION = 1.0;
				PRODUCT_BUNDLE_IDENTIFIER = "Pranav-s.Guess-it.watchkitapp";
				PRODUCT_NAME = "$(TARGET_NAME)";
				SDKROOT = watchos;
				SKIP_INSTALL = YES;
				SWIFT_EMIT_LOC_STRINGS = YES;
				SWIFT_VERSION = 5.0;
				TARGETED_DEVICE_FAMILY = 4;
				VALIDATE_PRODUCT = YES;
				WATCHOS_DEPLOYMENT_TARGET = 9.4;
			};
			name = Release;
		};
		81B7E6B62A6329DF00BD00DC /* Debug */ = {
			isa = XCBuildConfiguration;
			buildSettings = {
				ALWAYS_EMBED_SWIFT_STANDARD_LIBRARIES = YES;
				CODE_SIGN_STYLE = Automatic;
				CURRENT_PROJECT_VERSION = 1;
				DEVELOPMENT_TEAM = K52NKD86V5;
				INFOPLIST_KEY_CFBundleDisplayName = "Guess it";
				MARKETING_VERSION = 1.0;
				PRODUCT_BUNDLE_IDENTIFIER = "Pranav-s.Guess-it";
				PRODUCT_NAME = "$(TARGET_NAME)";
				SDKROOT = iphoneos;
				SUPPORTED_PLATFORMS = "watchos watchsimulator";
				SUPPORTS_MACCATALYST = NO;
				SUPPORTS_MAC_DESIGNED_FOR_IPHONE_IPAD = NO;
				SWIFT_VERSION = 5.0;
				TARGETED_DEVICE_FAMILY = 4;
				WATCHOS_DEPLOYMENT_TARGET = 6.1;
			};
			name = Debug;
		};
		81B7E6B72A6329DF00BD00DC /* Release */ = {
			isa = XCBuildConfiguration;
			buildSettings = {
				ALWAYS_EMBED_SWIFT_STANDARD_LIBRARIES = YES;
				CODE_SIGN_STYLE = Automatic;
				CURRENT_PROJECT_VERSION = 1;
				DEVELOPMENT_TEAM = K52NKD86V5;
				INFOPLIST_KEY_CFBundleDisplayName = "Guess it";
				MARKETING_VERSION = 1.0;
				PRODUCT_BUNDLE_IDENTIFIER = "Pranav-s.Guess-it";
				PRODUCT_NAME = "$(TARGET_NAME)";
				SDKROOT = iphoneos;
				SUPPORTED_PLATFORMS = "watchos watchsimulator";
				SUPPORTS_MACCATALYST = NO;
				SUPPORTS_MAC_DESIGNED_FOR_IPHONE_IPAD = NO;
				SWIFT_VERSION = 5.0;
				TARGETED_DEVICE_FAMILY = 4;
				VALIDATE_PRODUCT = YES;
				WATCHOS_DEPLOYMENT_TARGET = 6.1;
			};
			name = Release;
		};
		81B7E6B92A6329DF00BD00DC /* Debug */ = {
			isa = XCBuildConfiguration;
			buildSettings = {
				ALWAYS_EMBED_SWIFT_STANDARD_LIBRARIES = YES;
				BUNDLE_LOADER = "$(TEST_HOST)";
				CODE_SIGN_STYLE = Automatic;
				CURRENT_PROJECT_VERSION = 1;
				GENERATE_INFOPLIST_FILE = YES;
				MARKETING_VERSION = 1.0;
				PRODUCT_BUNDLE_IDENTIFIER = "Pranav-s.Guess-it-Watch-AppTests";
				PRODUCT_NAME = "$(TARGET_NAME)";
				SDKROOT = watchos;
				SWIFT_EMIT_LOC_STRINGS = NO;
				SWIFT_VERSION = 5.0;
				TARGETED_DEVICE_FAMILY = 4;
				TEST_HOST = "$(BUILT_PRODUCTS_DIR)/Guess it Watch App.app/$(BUNDLE_EXECUTABLE_FOLDER_PATH)/Guess it Watch App";
				WATCHOS_DEPLOYMENT_TARGET = 9.4;
			};
			name = Debug;
		};
		81B7E6BA2A6329DF00BD00DC /* Release */ = {
			isa = XCBuildConfiguration;
			buildSettings = {
				ALWAYS_EMBED_SWIFT_STANDARD_LIBRARIES = YES;
				BUNDLE_LOADER = "$(TEST_HOST)";
				CODE_SIGN_STYLE = Automatic;
				CURRENT_PROJECT_VERSION = 1;
				GENERATE_INFOPLIST_FILE = YES;
				MARKETING_VERSION = 1.0;
				PRODUCT_BUNDLE_IDENTIFIER = "Pranav-s.Guess-it-Watch-AppTests";
				PRODUCT_NAME = "$(TARGET_NAME)";
				SDKROOT = watchos;
				SWIFT_EMIT_LOC_STRINGS = NO;
				SWIFT_VERSION = 5.0;
				TARGETED_DEVICE_FAMILY = 4;
				TEST_HOST = "$(BUILT_PRODUCTS_DIR)/Guess it Watch App.app/$(BUNDLE_EXECUTABLE_FOLDER_PATH)/Guess it Watch App";
				VALIDATE_PRODUCT = YES;
				WATCHOS_DEPLOYMENT_TARGET = 9.4;
			};
			name = Release;
		};
		81B7E6BC2A6329DF00BD00DC /* Debug */ = {
			isa = XCBuildConfiguration;
			buildSettings = {
				ALWAYS_EMBED_SWIFT_STANDARD_LIBRARIES = YES;
				CODE_SIGN_STYLE = Automatic;
				CURRENT_PROJECT_VERSION = 1;
				GENERATE_INFOPLIST_FILE = YES;
				MARKETING_VERSION = 1.0;
				PRODUCT_BUNDLE_IDENTIFIER = "Pranav-s.Guess-it-Watch-AppUITests";
				PRODUCT_NAME = "$(TARGET_NAME)";
				SDKROOT = watchos;
				SWIFT_EMIT_LOC_STRINGS = NO;
				SWIFT_VERSION = 5.0;
				TARGETED_DEVICE_FAMILY = 4;
				TEST_TARGET_NAME = "Guess it Watch App";
				WATCHOS_DEPLOYMENT_TARGET = 9.4;
			};
			name = Debug;
		};
		81B7E6BD2A6329DF00BD00DC /* Release */ = {
			isa = XCBuildConfiguration;
			buildSettings = {
				ALWAYS_EMBED_SWIFT_STANDARD_LIBRARIES = YES;
				CODE_SIGN_STYLE = Automatic;
				CURRENT_PROJECT_VERSION = 1;
				GENERATE_INFOPLIST_FILE = YES;
				MARKETING_VERSION = 1.0;
				PRODUCT_BUNDLE_IDENTIFIER = "Pranav-s.Guess-it-Watch-AppUITests";
				PRODUCT_NAME = "$(TARGET_NAME)";
				SDKROOT = watchos;
				SWIFT_EMIT_LOC_STRINGS = NO;
				SWIFT_VERSION = 5.0;
				TARGETED_DEVICE_FAMILY = 4;
				TEST_TARGET_NAME = "Guess it Watch App";
				VALIDATE_PRODUCT = YES;
				WATCHOS_DEPLOYMENT_TARGET = 9.4;
			};
			name = Release;
		};
/* End XCBuildConfiguration section */

/* Begin XCConfigurationList section */
		81B7E6822A6329DD00BD00DC /* Build configuration list for PBXProject "Guess it" */ = {
			isa = XCConfigurationList;
			buildConfigurations = (
				81B7E6AF2A6329DF00BD00DC /* Debug */,
				81B7E6B02A6329DF00BD00DC /* Release */,
			);
			defaultConfigurationIsVisible = 0;
			defaultConfigurationName = Release;
		};
		81B7E6B12A6329DF00BD00DC /* Build configuration list for PBXNativeTarget "Guess it Watch App" */ = {
			isa = XCConfigurationList;
			buildConfigurations = (
				81B7E6B22A6329DF00BD00DC /* Debug */,
				81B7E6B32A6329DF00BD00DC /* Release */,
			);
			defaultConfigurationIsVisible = 0;
			defaultConfigurationName = Release;
		};
		81B7E6B52A6329DF00BD00DC /* Build configuration list for PBXNativeTarget "Guess it" */ = {
			isa = XCConfigurationList;
			buildConfigurations = (
				81B7E6B62A6329DF00BD00DC /* Debug */,
				81B7E6B72A6329DF00BD00DC /* Release */,
			);
			defaultConfigurationIsVisible = 0;
			defaultConfigurationName = Release;
		};
		81B7E6B82A6329DF00BD00DC /* Build configuration list for PBXNativeTarget "Guess it Watch AppTests" */ = {
			isa = XCConfigurationList;
			buildConfigurations = (
				81B7E6B92A6329DF00BD00DC /* Debug */,
				81B7E6BA2A6329DF00BD00DC /* Release */,
			);
			defaultConfigurationIsVisible = 0;
			defaultConfigurationName = Release;
		};
		81B7E6BB2A6329DF00BD00DC /* Build configuration list for PBXNativeTarget "Guess it Watch AppUITests" */ = {
			isa = XCConfigurationList;
			buildConfigurations = (
				81B7E6BC2A6329DF00BD00DC /* Debug */,
				81B7E6BD2A6329DF00BD00DC /* Release */,
			);
			defaultConfigurationIsVisible = 0;
			defaultConfigurationName = Release;
		};
/* End XCConfigurationList section */
	};
	rootObject = 81B7E67F2A6329DD00BD00DC /* Project object */;
}
